{
  "nodes": {
    "nixpkgs": {
      "locked": {
        "narHash": "sha256-u1fA0DYQYdeG+5kDm1bOoGcHtX0rtC7qs2YA2N1X++I=",
        "path": "/nix/store/2yb39wmx10a5lsm4d2jj7c6h94h36spi-source",
        "rev": "3f84a279f1a6290ce154c5531378acc827836fbb",
        "type": "path"
      },
      "original": {
        "id": "nixpkgs",
        "type": "indirect"
      }
    },
    "root": {
      "inputs": {
        "nixpkgs": "nixpkgs"
      }
    }
  },
  "root": "root",
  "version": 7
}
